
Microsoft Visual Studio Solution File, Format Version 12.00
# Visual Studio Version 17
Project("{8BC9CEB8-8B4A-11D0-8D11-00A0C91BC942}") = "project", "project\project.vcxproj", "{FF75D002-08CE-3FAC-99B0-1E940A568967}"
	ProjectSection(ProjectDependencies) = postProject
		{6B467716-1DBA-3A1F-B2D1-DDDC31190E05} = {6B467716-1DBA-3A1F-B2D1-DDDC31190E05}
		{A320BBDE-C6E1-311B-A7A9-174D92C7410C} = {A320BBDE-C6E1-311B-A7A9-174D92C7410C}
	EndProjectSection
EndProject
Project("{8BC9CEB8-8B4A-11D0-8D11-00A0C91BC942}") = "ALL_BUILD", "ALL_BUILD.vcxproj", "{D5C69C25-DAF1-3A00-996E-982D7E1C61A3}"
	ProjectSection(ProjectDependencies) = postProject
		{6B467716-1DBA-3A1F-B2D1-DDDC31190E05} = {6B467716-1DBA-3A1F-B2D1-DDDC31190E05}
		{A320BBDE-C6E1-311B-A7A9-174D92C7410C} = {A320BBDE-C6E1-311B-A7A9-174D92C7410C}
		{FF75D002-08CE-3FAC-99B0-1E940A568967} = {FF75D002-08CE-3FAC-99B0-1E940A568967}
	EndProjectSection
EndProject
Project("{8BC9CEB8-8B4A-11D0-8D11-00A0C91BC942}") = "DirectXTK", "engine\DirectXTK.vcxproj", "{1AB31A12-6A2A-3F27-8BBA-064A0424E163}"
	ProjectSection(ProjectDependencies) = postProject
		{6B467716-1DBA-3A1F-B2D1-DDDC31190E05} = {6B467716-1DBA-3A1F-B2D1-DDDC31190E05}
	EndProjectSection
EndProject
Project("{8BC9CEB8-8B4A-11D0-8D11-00A0C91BC942}") = "DirectXTex", "engine\DirectXTex.vcxproj", "{5B6CB58D-1843-310B-AA9C-8F8AAADB0237}"
	ProjectSection(ProjectDependencies) = postProject
		{6B467716-1DBA-3A1F-B2D1-DDDC31190E05} = {6B467716-1DBA-3A1F-B2D1-DDDC31190E05}
	EndProjectSection
EndProject
Project("{8BC9CEB8-8B4A-11D0-8D11-00A0C91BC942}") = "ZERO_CHECK", "ZERO_CHECK.vcxproj", "{6B467716-1DBA-3A1F-B2D1-DDDC31190E05}"
	ProjectSection(ProjectDependencies) = postProject
	EndProjectSection
EndProject
Project("{8BC9CEB8-8B4A-11D0-8D11-00A0C91BC942}") = "assimp", "engine\assimp.vcxproj", "{1056ABD2-C664-3115-80F1-2A02C00F1A4E}"
	ProjectSection(ProjectDependencies) = postProject
		{6B467716-1DBA-3A1F-B2D1-DDDC31190E05} = {6B467716-1DBA-3A1F-B2D1-DDDC31190E05}
	EndProjectSection
EndProject
Project("{8BC9CEB8-8B4A-11D0-8D11-00A0C91BC942}") = "engine", "engine\engine.vcxproj", "{A320BBDE-C6E1-311B-A7A9-174D92C7410C}"
	ProjectSection(ProjectDependencies) = postProject
		{1AB31A12-6A2A-3F27-8BBA-064A0424E163} = {1AB31A12-6A2A-3F27-8BBA-064A0424E163}
		{5B6CB58D-1843-310B-AA9C-8F8AAADB0237} = {5B6CB58D-1843-310B-AA9C-8F8AAADB0237}
		{6B467716-1DBA-3A1F-B2D1-DDDC31190E05} = {6B467716-1DBA-3A1F-B2D1-DDDC31190E05}
		{1056ABD2-C664-3115-80F1-2A02C00F1A4E} = {1056ABD2-C664-3115-80F1-2A02C00F1A4E}
	EndProjectSection
EndProject
Global
	GlobalSection(SolutionConfigurationPlatforms) = preSolution
		Debug|x64 = Debug|x64
		Release|x64 = Release|x64
		MinSizeRel|x64 = MinSizeRel|x64
		RelWithDebInfo|x64 = RelWithDebInfo|x64
	EndGlobalSection
	GlobalSection(ProjectConfigurationPlatforms) = postSolution
		{FF75D002-08CE-3FAC-99B0-1E940A568967}.Debug|x64.ActiveCfg = Debug|x64
		{FF75D002-08CE-3FAC-99B0-1E940A568967}.Debug|x64.Build.0 = Debug|x64
		{FF75D002-08CE-3FAC-99B0-1E940A568967}.Release|x64.ActiveCfg = Release|x64
		{FF75D002-08CE-3FAC-99B0-1E940A568967}.Release|x64.Build.0 = Release|x64
		{FF75D002-08CE-3FAC-99B0-1E940A568967}.MinSizeRel|x64.ActiveCfg = MinSizeRel|x64
		{FF75D002-08CE-3FAC-99B0-1E940A568967}.MinSizeRel|x64.Build.0 = MinSizeRel|x64
		{FF75D002-08CE-3FAC-99B0-1E940A568967}.RelWithDebInfo|x64.ActiveCfg = RelWithDebInfo|x64
		{FF75D002-08CE-3FAC-99B0-1E940A568967}.RelWithDebInfo|x64.Build.0 = RelWithDebInfo|x64
		{D5C69C25-DAF1-3A00-996E-982D7E1C61A3}.Debug|x64.ActiveCfg = Debug|x64
		{D5C69C25-DAF1-3A00-996E-982D7E1C61A3}.Release|x64.ActiveCfg = Release|x64
		{D5C69C25-DAF1-3A00-996E-982D7E1C61A3}.MinSizeRel|x64.ActiveCfg = MinSizeRel|x64
		{D5C69C25-DAF1-3A00-996E-982D7E1C61A3}.RelWithDebInfo|x64.ActiveCfg = RelWithDebInfo|x64
		{1AB31A12-6A2A-3F27-8BBA-064A0424E163}.Debug|x64.ActiveCfg = Debug|x64
		{1AB31A12-6A2A-3F27-8BBA-064A0424E163}.Debug|x64.Build.0 = Debug|x64
		{1AB31A12-6A2A-3F27-8BBA-064A0424E163}.Release|x64.ActiveCfg = Release|x64
		{1AB31A12-6A2A-3F27-8BBA-064A0424E163}.Release|x64.Build.0 = Release|x64
		{1AB31A12-6A2A-3F27-8BBA-064A0424E163}.MinSizeRel|x64.ActiveCfg = MinSizeRel|x64
		{1AB31A12-6A2A-3F27-8BBA-064A0424E163}.MinSizeRel|x64.Build.0 = MinSizeRel|x64
		{1AB31A12-6A2A-3F27-8BBA-064A0424E163}.RelWithDebInfo|x64.ActiveCfg = RelWithDebInfo|x64
		{1AB31A12-6A2A-3F27-8BBA-064A0424E163}.RelWithDebInfo|x64.Build.0 = RelWithDebInfo|x64
		{5B6CB58D-1843-310B-AA9C-8F8AAADB0237}.Debug|x64.ActiveCfg = Debug|x64
		{5B6CB58D-1843-310B-AA9C-8F8AAADB0237}.Debug|x64.Build.0 = Debug|x64
		{5B6CB58D-1843-310B-AA9C-8F8AAADB0237}.Release|x64.ActiveCfg = Release|x64
		{5B6CB58D-1843-310B-AA9C-8F8AAADB0237}.Release|x64.Build.0 = Release|x64
		{5B6CB58D-1843-310B-AA9C-8F8AAADB0237}.MinSizeRel|x64.ActiveCfg = MinSizeRel|x64
		{5B6CB58D-1843-310B-AA9C-8F8AAADB0237}.MinSizeRel|x64.Build.0 = MinSizeRel|x64
		{5B6CB58D-1843-310B-AA9C-8F8AAADB0237}.RelWithDebInfo|x64.ActiveCfg = RelWithDebInfo|x64
		{5B6CB58D-1843-310B-AA9C-8F8AAADB0237}.RelWithDebInfo|x64.Build.0 = RelWithDebInfo|x64
		{6B467716-1DBA-3A1F-B2D1-DDDC31190E05}.Debug|x64.ActiveCfg = Debug|x64
		{6B467716-1DBA-3A1F-B2D1-DDDC31190E05}.Debug|x64.Build.0 = Debug|x64
		{6B467716-1DBA-3A1F-B2D1-DDDC31190E05}.Release|x64.ActiveCfg = Release|x64
		{6B467716-1DBA-3A1F-B2D1-DDDC31190E05}.Release|x64.Build.0 = Release|x64
		{6B467716-1DBA-3A1F-B2D1-DDDC31190E05}.MinSizeRel|x64.ActiveCfg = MinSizeRel|x64
		{6B467716-1DBA-3A1F-B2D1-DDDC31190E05}.MinSizeRel|x64.Build.0 = MinSizeRel|x64
		{6B467716-1DBA-3A1F-B2D1-DDDC31190E05}.RelWithDebInfo|x64.ActiveCfg = RelWithDebInfo|x64
		{6B467716-1DBA-3A1F-B2D1-DDDC31190E05}.RelWithDebInfo|x64.Build.0 = RelWithDebInfo|x64
		{1056ABD2-C664-3115-80F1-2A02C00F1A4E}.Debug|x64.ActiveCfg = Debug|x64
		{1056ABD2-C664-3115-80F1-2A02C00F1A4E}.Debug|x64.Build.0 = Debug|x64
		{1056ABD2-C664-3115-80F1-2A02C00F1A4E}.Release|x64.ActiveCfg = Release|x64
		{1056ABD2-C664-3115-80F1-2A02C00F1A4E}.Release|x64.Build.0 = Release|x64
		{1056ABD2-C664-3115-80F1-2A02C00F1A4E}.MinSizeRel|x64.ActiveCfg = MinSizeRel|x64
		{1056ABD2-C664-3115-80F1-2A02C00F1A4E}.MinSizeRel|x64.Build.0 = MinSizeRel|x64
		{1056ABD2-C664-3115-80F1-2A02C00F1A4E}.RelWithDebInfo|x64.ActiveCfg = RelWithDebInfo|x64
		{1056ABD2-C664-3115-80F1-2A02C00F1A4E}.RelWithDebInfo|x64.Build.0 = RelWithDebInfo|x64
		{A320BBDE-C6E1-311B-A7A9-174D92C7410C}.Debug|x64.ActiveCfg = Debug|x64
		{A320BBDE-C6E1-311B-A7A9-174D92C7410C}.Debug|x64.Build.0 = Debug|x64
		{A320BBDE-C6E1-311B-A7A9-174D92C7410C}.Release|x64.ActiveCfg = Release|x64
		{A320BBDE-C6E1-311B-A7A9-174D92C7410C}.Release|x64.Build.0 = Release|x64
		{A320BBDE-C6E1-311B-A7A9-174D92C7410C}.MinSizeRel|x64.ActiveCfg = MinSizeRel|x64
		{A320BBDE-C6E1-311B-A7A9-174D92C7410C}.MinSizeRel|x64.Build.0 = MinSizeRel|x64
		{A320BBDE-C6E1-311B-A7A9-174D92C7410C}.RelWithDebInfo|x64.ActiveCfg = RelWithDebInfo|x64
		{A320BBDE-C6E1-311B-A7A9-174D92C7410C}.RelWithDebInfo|x64.Build.0 = RelWithDebInfo|x64
	EndGlobalSection
	GlobalSection(ExtensibilityGlobals) = postSolution
		SolutionGuid = {3D9C9473-1706-3E60-A8F6-0B6A0BDA365F}
	EndGlobalSection
	GlobalSection(ExtensibilityAddIns) = postSolution
	EndGlobalSection
EndGlobal
