<?xml version="1.0" encoding="utf-8"?>
<Project ToolsVersion="4.0" xmlns="http://schemas.microsoft.com/developer/msbuild/2003">
  <ItemGroup>
    <Filter Include="Source Files">
      <UniqueIdentifier>{4FC737F1-C7A5-4376-A066-2A32D752A2FF}</UniqueIdentifier>
      <Extensions>cpp;c;cc;cxx;c++;cppm;ixx;def;odl;idl;hpj;bat;asm;asmx</Extensions>
    </Filter>
    <Filter Include="Header Files">
      <UniqueIdentifier>{93995380-89BD-4b04-88EB-625FBE52EBFB}</UniqueIdentifier>
      <Extensions>h;hh;hpp;hxx;h++;hm;inl;inc;ipp;xsd</Extensions>
    </Filter>
    <Filter Include="Resource Files">
      <UniqueIdentifier>{67DA6AB6-F800-4c08-8B7A-83BB121AAD01}</UniqueIdentifier>
      <Extensions>rc;ico;cur;bmp;dlg;rc2;rct;bin;rgs;gif;jpg;jpeg;jpe;resx;tiff;tif;png;wav;mfcribbon-ms</Extensions>
    </Filter>
  </ItemGroup>
  <ItemGroup>
    <ClInclude Include="Ray Casting\window\WindowRC.h">
      <Filter>Header Files</Filter>
    </ClInclude>
    <ClInclude Include="Ray Casting\source\material\coloredDirectionLightRC.h">
      <Filter>Header Files</Filter>
    </ClInclude>
    <ClInclude Include="Ray Casting\source\material\coloredMeshRC.h">
      <Filter>Header Files</Filter>
    </ClInclude>
    <ClInclude Include="Ray Casting\source\material\coloredPlaneRC.h">
      <Filter>Header Files</Filter>
    </ClInclude>
    <ClInclude Include="Ray Casting\source\material\coloredPointLightRC.h">
      <Filter>Header Files</Filter>
    </ClInclude>
    <ClInclude Include="Ray Casting\source\material\coloredSphereRC.h">
      <Filter>Header Files</Filter>
    </ClInclude>
    <ClInclude Include="Ray Casting\source\material\coloredSpotLightRC.h">
      <Filter>Header Files</Filter>
    </ClInclude>
    <ClInclude Include="Ray Casting\source\material\coloredTriangleRC.h">
      <Filter>Header Files</Filter>
    </ClInclude>
    <ClInclude Include="Ray Casting\source\material\materialRC.h">
      <Filter>Header Files</Filter>
    </ClInclude>
    <ClInclude Include="Ray Casting\source\math\boxRC.h">
      <Filter>Header Files</Filter>
    </ClInclude>
    <ClInclude Include="Ray Casting\source\math\directionalLightRC.h">
      <Filter>Header Files</Filter>
    </ClInclude>
    <ClInclude Include="Ray Casting\source\math\intersectionRC.h">
      <Filter>Header Files</Filter>
    </ClInclude>
    <ClInclude Include="Ray Casting\source\math\meshRC.h">
      <Filter>Header Files</Filter>
    </ClInclude>
    <ClInclude Include="Ray Casting\source\math\planeRC.h">
      <Filter>Header Files</Filter>
    </ClInclude>
    <ClInclude Include="Ray Casting\source\math\pointLightRC.h">
      <Filter>Header Files</Filter>
    </ClInclude>
    <ClInclude Include="Ray Casting\source\math\rayRC.h">
      <Filter>Header Files</Filter>
    </ClInclude>
    <ClInclude Include="Ray Casting\source\math\sphereRC.h">
      <Filter>Header Files</Filter>
    </ClInclude>
    <ClInclude Include="Ray Casting\source\math\spotLightRC.h">
      <Filter>Header Files</Filter>
    </ClInclude>
    <ClInclude Include="Ray Casting\source\math\triangleRC.h">
      <Filter>Header Files</Filter>
    </ClInclude>
    <ClInclude Include="Ray Casting\utils\BVH\TriangleOctreeRC.h">
      <Filter>Header Files</Filter>
    </ClInclude>
    <ClInclude Include="Ray Casting\utils\Dragger\IObjectMoverRC.h">
      <Filter>Header Files</Filter>
    </ClInclude>
    <ClInclude Include="Ray Casting\utils\Dragger\MeshMoverRC.h">
      <Filter>Header Files</Filter>
    </ClInclude>
    <ClInclude Include="Ray Casting\utils\Dragger\PlaneMoverRC.h">
      <Filter>Header Files</Filter>
    </ClInclude>
    <ClInclude Include="Ray Casting\utils\Dragger\SphereMoverRC.h">
      <Filter>Header Files</Filter>
    </ClInclude>
    <ClInclude Include="Ray Casting\utils\Dragger\TriangleMoverRC.h">
      <Filter>Header Files</Filter>
    </ClInclude>
    <ClInclude Include="Ray Casting\utils\parallel\parallel_executorRC.h">
      <Filter>Header Files</Filter>
    </ClInclude>
    <ClInclude Include="general\utils\timer\FPSTimerRC.h">
      <Filter>Header Files</Filter>
    </ClInclude>
    <ClInclude Include="Ray Casting\utils\Camera.h">
      <Filter>Header Files</Filter>
    </ClInclude>
    <ClInclude Include="Ray Casting\render\SceneRC.h">
      <Filter>Header Files</Filter>
    </ClInclude>
    <ClInclude Include="DirectX 11\window\WindowDX.h">
      <Filter>Header Files</Filter>
    </ClInclude>
    <ClInclude Include="general\include\win_def.h">
      <Filter>Header Files</Filter>
    </ClInclude>
    <ClInclude Include="general\include\win_undef.h">
      <Filter>Header Files</Filter>
    </ClInclude>
    <ClInclude Include="general\include\win.h">
      <Filter>Header Files</Filter>
    </ClInclude>
    <ClInclude Include="DirectX 11\source\D3D\D3D.h">
      <Filter>Header Files</Filter>
    </ClInclude>
    <ClInclude Include="DirectX 11\EngineDX.h">
      <Filter>Header Files</Filter>
    </ClInclude>
    <ClInclude Include="DirectX 11\source\ConstBuffer.h">
      <Filter>Header Files</Filter>
    </ClInclude>
    <ClInclude Include="DirectX 11\source\Vertex.h">
      <Filter>Header Files</Filter>
    </ClInclude>
    <ClInclude Include="general\utils\console\Console.h">
      <Filter>Header Files</Filter>
    </ClInclude>
    <ClInclude Include="DirectX 11\source\MeshSystem\Model.h">
      <Filter>Header Files</Filter>
    </ClInclude>
    <ClInclude Include="DirectX 11\source\MeshSystem\Mesh.h">
      <Filter>Header Files</Filter>
    </ClInclude>
    <ClInclude Include="DirectX 11\source\MeshSystem\MeshSystem.h">
      <Filter>Header Files</Filter>
    </ClInclude>
    <ClInclude Include="DirectX 11\source\MeshSystem\OpaqueInstances.h">
      <Filter>Header Files</Filter>
    </ClInclude>
    <ClInclude Include="DirectX 11\source\Controller\ShaderManager.h">
      <Filter>Header Files</Filter>
    </ClInclude>
    <ClInclude Include="DirectX 11\source\Buffer\IndexBuffer.h">
      <Filter>Header Files</Filter>
    </ClInclude>
    <ClInclude Include="DirectX 11\source\Buffer\VertexBuffer.h">
      <Filter>Header Files</Filter>
    </ClInclude>
    <ClInclude Include="DirectX 11\source\Shader\VertexShader.h">
      <Filter>Header Files</Filter>
    </ClInclude>
    <ClInclude Include="DirectX 11\source\Shader\Shader.h">
      <Filter>Header Files</Filter>
    </ClInclude>
    <ClInclude Include="DirectX 11\source\Shader\PixelShader.h">
      <Filter>Header Files</Filter>
    </ClInclude>
    <ClInclude Include="DirectX 11\source\Controller\BufferManager.h">
      <Filter>Header Files</Filter>
    </ClInclude>
    <ClInclude Include="DirectX 11\source\Controller\ModelManager.h">
      <Filter>Header Files</Filter>
    </ClInclude>
    <ClInclude Include="DirectX 11\source\Buffer\Buffer.h">
      <Filter>Header Files</Filter>
    </ClInclude>
    <ClInclude Include="DirectX 11\source\Buffer\ConstantBuffer.h">
      <Filter>Header Files</Filter>
    </ClInclude>
    <ClInclude Include="DirectX 11\source\Buffer\DepthStencilBuffer.h">
      <Filter>Header Files</Filter>
    </ClInclude>
    <ClInclude Include="DirectX 11\source\Utils\Camera.h">
      <Filter>Header Files</Filter>
    </ClInclude>
    <ClInclude Include="DirectX 11\source\Renderer.h">
      <Filter>Header Files</Filter>
    </ClInclude>
    <ClInclude Include="general\include\SimpleMathToHLSL.h">
      <Filter>Header Files</Filter>
    </ClInclude>
    <ClInclude Include="DirectX 11\source\Math\Colision\boxDX.h">
      <Filter>Header Files</Filter>
    </ClInclude>
    <ClInclude Include="DirectX 11\source\Math\Colision\MeshTriangleOctreeDX.h">
      <Filter>Header Files</Filter>
    </ClInclude>
    <ClInclude Include="DirectX 11\source\Math\Movement\MeshMover.h">
      <Filter>Header Files</Filter>
    </ClInclude>
    <ClInclude Include="DirectX 11\source\Shader\GeometryShader.h">
      <Filter>Header Files</Filter>
    </ClInclude>
    <ClInclude Include="DirectX 11\source\Shader\HullShader.h">
      <Filter>Header Files</Filter>
    </ClInclude>
    <ClInclude Include="DirectX 11\source\Shader\DomainShader.h">
      <Filter>Header Files</Filter>
    </ClInclude>
    <ClInclude Include="DirectX 11\source\Math\Colision\ModelTriangleOctreeDX.h">
      <Filter>Header Files</Filter>
    </ClInclude>
  </ItemGroup>
  <ItemGroup>
    <ClCompile Include="Ray Casting\source\math\boxRC.cpp">
      <Filter>Source Files</Filter>
    </ClCompile>
    <ClCompile Include="Ray Casting\source\math\meshRC.cpp">
      <Filter>Source Files</Filter>
    </ClCompile>
    <ClCompile Include="Ray Casting\source\math\planeRC.cpp">
      <Filter>Source Files</Filter>
    </ClCompile>
    <ClCompile Include="Ray Casting\source\math\rayRC.cpp">
      <Filter>Source Files</Filter>
    </ClCompile>
    <ClCompile Include="Ray Casting\source\math\sphereRC.cpp">
      <Filter>Source Files</Filter>
    </ClCompile>
    <ClCompile Include="Ray Casting\source\math\triangleRC.cpp">
      <Filter>Source Files</Filter>
    </ClCompile>
    <ClCompile Include="Ray Casting\utils\BVH\TriangleOctreeRC.cpp">
      <Filter>Source Files</Filter>
    </ClCompile>
    <ClCompile Include="Ray Casting\utils\parallel\parallel_executorRC.cpp">
      <Filter>Source Files</Filter>
    </ClCompile>
    <ClCompile Include="general\utils\timer\FPSTimerRC.cpp">
      <Filter>Source Files</Filter>
    </ClCompile>
    <ClCompile Include="Ray Casting\window\WindowRC.cpp">
      <Filter>Source Files</Filter>
    </ClCompile>
    <ClCompile Include="Ray Casting\render\SceneRC.cpp">
      <Filter>Source Files</Filter>
    </ClCompile>
    <ClCompile Include="DirectX 11\window\WindowDX.cpp">
      <Filter>Source Files</Filter>
    </ClCompile>
    <ClCompile Include="DirectX 11\source\D3D\D3D.cpp">
      <Filter>Source Files</Filter>
    </ClCompile>
    <ClCompile Include="general\utils\console\Console.cpp">
      <Filter>Source Files</Filter>
    </ClCompile>
    <ClCompile Include="DirectX 11\source\MeshSystem\Mesh.cpp">
      <Filter>Source Files</Filter>
    </ClCompile>
    <ClCompile Include="DirectX 11\source\Math\Colision\boxDX.cpp">
      <Filter>Source Files</Filter>
    </ClCompile>
    <ClCompile Include="DirectX 11\source\Math\Colision\MeshTriangleOctreeDX.cpp">
      <Filter>Source Files</Filter>
    </ClCompile>
    <ClCompile Include="DirectX 11\source\Controller\ModelManager.cpp">
      <Filter>Source Files</Filter>
    </ClCompile>
    <ClCompile Include="DirectX 11\source\Controller\ShaderManager.cpp">
      <Filter>Source Files</Filter>
    </ClCompile>
    <ClCompile Include="DirectX 11\source\MeshSystem\MeshSystem.cpp">
      <Filter>Source Files</Filter>
    </ClCompile>
    <ClCompile Include="DirectX 11\source\MeshSystem\Model.cpp">
      <Filter>Source Files</Filter>
    </ClCompile>
    <ClCompile Include="DirectX 11\source\MeshSystem\OpaqueInstances.cpp">
      <Filter>Source Files</Filter>
    </ClCompile>
    <ClCompile Include="DirectX 11\EngineDX.cpp">
      <Filter>Source Files</Filter>
    </ClCompile>
    <ClCompile Include="DirectX 11\source\Utils\Camera.cpp">
      <Filter>Source Files</Filter>
    </ClCompile>
    <ClCompile Include="DirectX 11\source\Math\Colision\ModelTriangleOctreeDX.cpp">
      <Filter>Source Files</Filter>
    </ClCompile>
  </ItemGroup>
  <ItemGroup>
    <FxCompile Include="general\resources\shaders\normalPixelShader.hlsl" />
    <FxCompile Include="general\resources\shaders\normalVertexShader.hlsl" />
    <FxCompile Include="general\resources\shaders\hologramVertexShader.hlsl" />
    <FxCompile Include="general\resources\shaders\hologramPixelShader.hlsl" />
    <FxCompile Include="general\resources\shaders\normalGeometryShader.hlsl" />
  </ItemGroup>
  <ItemGroup>
    <None Include="general\resources\shaders\hologramShader.hlsli" />
  </ItemGroup>
  <ItemGroup>
    <None Include="general\resources\shaders\hologramShader.hlsli" />
  </ItemGroup>
</Project>