<?xml version="1.0" encoding="utf-8"?>
<Project ToolsVersion="17.0" xmlns="http://schemas.microsoft.com/developer/msbuild/2003">
  <ItemGroup>
    <ClCompile Include="C:\Users\vadym\source\repos\vchan\engine\src\DirectX 11\source\Controller\ModelManager.cpp">
      <Filter>Source Files</Filter>
    </ClCompile>
    <ClCompile Include="C:\Users\vadym\source\repos\vchan\engine\src\DirectX 11\source\Controller\ShaderManager.cpp">
      <Filter>Source Files</Filter>
    </ClCompile>
    <ClCompile Include="C:\Users\vadym\source\repos\vchan\engine\src\DirectX 11\source\D3D\D3D.cpp">
      <Filter>Source Files</Filter>
    </ClCompile>
    <ClCompile Include="C:\Users\vadym\source\repos\vchan\engine\src\DirectX 11\source\Math\Colision\boxDX.cpp">
      <Filter>Source Files</Filter>
    </ClCompile>
    <ClCompile Include="C:\Users\vadym\source\repos\vchan\engine\src\DirectX 11\source\Math\Colision\MeshTriangleOctreeDX.cpp">
      <Filter>Source Files</Filter>
    </ClCompile>
    <ClCompile Include="C:\Users\vadym\source\repos\vchan\engine\src\DirectX 11\source\Math\Colision\ModelTriangleOctreeDX.cpp">
      <Filter>Source Files</Filter>
    </ClCompile>
    <ClCompile Include="C:\Users\vadym\source\repos\vchan\engine\src\DirectX 11\source\MeshSystem\Mesh.cpp">
      <Filter>Source Files</Filter>
    </ClCompile>
    <ClCompile Include="C:\Users\vadym\source\repos\vchan\engine\src\DirectX 11\source\MeshSystem\MeshSystem.cpp">
      <Filter>Source Files</Filter>
    </ClCompile>
    <ClCompile Include="C:\Users\vadym\source\repos\vchan\engine\src\DirectX 11\source\MeshSystem\Model.cpp">
      <Filter>Source Files</Filter>
    </ClCompile>
    <ClCompile Include="C:\Users\vadym\source\repos\vchan\engine\src\DirectX 11\source\MeshSystem\OpaqueInstances.cpp">
      <Filter>Source Files</Filter>
    </ClCompile>
    <ClCompile Include="C:\Users\vadym\source\repos\vchan\engine\src\DirectX 11\source\Texture\DDSTextureLoader11.cpp">
      <Filter>Source Files</Filter>
    </ClCompile>
    <ClCompile Include="C:\Users\vadym\source\repos\vchan\engine\src\DirectX 11\source\Utils\Camera.cpp">
      <Filter>Source Files</Filter>
    </ClCompile>
    <ClCompile Include="C:\Users\vadym\source\repos\vchan\engine\src\DirectX 11\window\WindowDX.cpp">
      <Filter>Source Files</Filter>
    </ClCompile>
    <ClCompile Include="C:\Users\vadym\source\repos\vchan\engine\src\DirectX 11\EngineDX.cpp">
      <Filter>Source Files</Filter>
    </ClCompile>
    <ClCompile Include="C:\Users\vadym\source\repos\vchan\engine\src\general\utils\timer\FPSTimerRC.cpp">
      <Filter>Source Files</Filter>
    </ClCompile>
    <ClCompile Include="C:\Users\vadym\source\repos\vchan\engine\src\general\utils\console\Console.cpp">
      <Filter>Source Files</Filter>
    </ClCompile>
    <ClCompile Include="C:\Users\vadym\source\repos\vchan\engine\src\DirectX 11\source\Texture\Skybox.cpp">
      <Filter>Source Files</Filter>
    </ClCompile>
    <ClCompile Include="C:\Users\vadym\source\repos\vchan\engine\src\Ray Casting\render\SceneRC.cpp">
      <Filter>Source Files</Filter>
    </ClCompile>
    <ClCompile Include="C:\Users\vadym\source\repos\vchan\engine\src\Ray Casting\source\math\boxRC.cpp">
      <Filter>Source Files</Filter>
    </ClCompile>
    <ClCompile Include="C:\Users\vadym\source\repos\vchan\engine\src\Ray Casting\source\math\meshRC.cpp">
      <Filter>Source Files</Filter>
    </ClCompile>
    <ClCompile Include="C:\Users\vadym\source\repos\vchan\engine\src\Ray Casting\source\math\planeRC.cpp">
      <Filter>Source Files</Filter>
    </ClCompile>
    <ClCompile Include="C:\Users\vadym\source\repos\vchan\engine\src\Ray Casting\source\math\rayRC.cpp">
      <Filter>Source Files</Filter>
    </ClCompile>
    <ClCompile Include="C:\Users\vadym\source\repos\vchan\engine\src\Ray Casting\source\math\sphereRC.cpp">
      <Filter>Source Files</Filter>
    </ClCompile>
    <ClCompile Include="C:\Users\vadym\source\repos\vchan\engine\src\Ray Casting\source\math\triangleRC.cpp">
      <Filter>Source Files</Filter>
    </ClCompile>
    <ClCompile Include="C:\Users\vadym\source\repos\vchan\engine\src\Ray Casting\utils\BVH\TriangleOctreeRC.cpp">
      <Filter>Source Files</Filter>
    </ClCompile>
    <ClCompile Include="C:\Users\vadym\source\repos\vchan\engine\src\Ray Casting\utils\parallel\parallel_executorRC.cpp">
      <Filter>Source Files</Filter>
    </ClCompile>
    <ClCompile Include="C:\Users\vadym\source\repos\vchan\engine\src\Ray Casting\window\WindowRC.cpp">
      <Filter>Source Files</Filter>
    </ClCompile>
    <ClCompile Include="C:\Users\vadym\source\repos\vchan\engine\src\general\dependencies\imgui\imgui.cpp">
      <Filter>Source Files</Filter>
    </ClCompile>
    <ClCompile Include="C:\Users\vadym\source\repos\vchan\engine\src\general\dependencies\imgui\imgui_draw.cpp">
      <Filter>Source Files</Filter>
    </ClCompile>
    <ClCompile Include="C:\Users\vadym\source\repos\vchan\engine\src\general\dependencies\imgui\imgui_tables.cpp">
      <Filter>Source Files</Filter>
    </ClCompile>
    <ClCompile Include="C:\Users\vadym\source\repos\vchan\engine\src\general\dependencies\imgui\imgui_widgets.cpp">
      <Filter>Source Files</Filter>
    </ClCompile>
    <ClCompile Include="C:\Users\vadym\source\repos\vchan\engine\src\general\dependencies\imgui\backends\imgui_impl_win32.cpp">
      <Filter>Source Files</Filter>
    </ClCompile>
    <ClCompile Include="C:\Users\vadym\source\repos\vchan\engine\src\general\dependencies\imgui\backends\imgui_impl_dx9.cpp">
      <Filter>Source Files</Filter>
    </ClCompile>
    <ClCompile Include="C:\Users\vadym\source\repos\vchan\engine\src\general\dependencies\imgui\backends\imgui_impl_dx10.cpp">
      <Filter>Source Files</Filter>
    </ClCompile>
    <ClCompile Include="C:\Users\vadym\source\repos\vchan\engine\src\general\dependencies\imgui\backends\imgui_impl_dx11.cpp">
      <Filter>Source Files</Filter>
    </ClCompile>
    <ClCompile Include="src\DirectX 11\source\Controller\ImGuiManager.cpp" />
    <ClCompile Include="src\DirectX 11\source\PostProcess\HDR\PostProcess.cpp" />
  </ItemGroup>
  <ItemGroup>
    <ClInclude Include="C:\Users\vadym\source\repos\vchan\engine\src\DirectX 11\source\Buffer\Buffer.h">
      <Filter>Header Files</Filter>
    </ClInclude>
    <ClInclude Include="C:\Users\vadym\source\repos\vchan\engine\src\DirectX 11\source\Buffer\ConstantBuffer.h">
      <Filter>Header Files</Filter>
    </ClInclude>
    <ClInclude Include="C:\Users\vadym\source\repos\vchan\engine\src\DirectX 11\source\Buffer\DepthStencilBuffer.h">
      <Filter>Header Files</Filter>
    </ClInclude>
    <ClInclude Include="C:\Users\vadym\source\repos\vchan\engine\src\DirectX 11\source\Buffer\IndexBuffer.h">
      <Filter>Header Files</Filter>
    </ClInclude>
    <ClInclude Include="C:\Users\vadym\source\repos\vchan\engine\src\DirectX 11\source\Buffer\VertexBuffer.h">
      <Filter>Header Files</Filter>
    </ClInclude>
    <ClInclude Include="C:\Users\vadym\source\repos\vchan\engine\src\DirectX 11\source\Controller\BufferManager.h">
      <Filter>Header Files</Filter>
    </ClInclude>
    <ClInclude Include="C:\Users\vadym\source\repos\vchan\engine\src\DirectX 11\source\Controller\TextureManager.h">
      <Filter>Header Files</Filter>
    </ClInclude>
    <ClInclude Include="C:\Users\vadym\source\repos\vchan\engine\src\DirectX 11\source\Math\Movement\MeshMover.h">
      <Filter>Header Files</Filter>
    </ClInclude>
    <ClInclude Include="C:\Users\vadym\source\repos\vchan\engine\src\DirectX 11\source\Shader\Shader.h">
      <Filter>Header Files</Filter>
    </ClInclude>
    <ClInclude Include="C:\Users\vadym\source\repos\vchan\engine\src\DirectX 11\source\Shader\VertexShader.h">
      <Filter>Header Files</Filter>
    </ClInclude>
    <ClInclude Include="C:\Users\vadym\source\repos\vchan\engine\src\DirectX 11\source\Shader\HullShader.h">
      <Filter>Header Files</Filter>
    </ClInclude>
    <ClInclude Include="C:\Users\vadym\source\repos\vchan\engine\src\DirectX 11\source\Shader\DomainShader.h">
      <Filter>Header Files</Filter>
    </ClInclude>
    <ClInclude Include="C:\Users\vadym\source\repos\vchan\engine\src\DirectX 11\source\Shader\GeometryShader.h">
      <Filter>Header Files</Filter>
    </ClInclude>
    <ClInclude Include="C:\Users\vadym\source\repos\vchan\engine\src\DirectX 11\source\Shader\PixelShader.h">
      <Filter>Header Files</Filter>
    </ClInclude>
    <ClInclude Include="C:\Users\vadym\source\repos\vchan\engine\src\DirectX 11\source\Texture\SampleState.h">
      <Filter>Header Files</Filter>
    </ClInclude>
    <ClInclude Include="C:\Users\vadym\source\repos\vchan\engine\src\DirectX 11\source\Texture\Texture2D.h">
      <Filter>Header Files</Filter>
    </ClInclude>
    <ClInclude Include="src\DirectX 11\source\Render\Renderer.h">
      <Filter>Header Files</Filter>
    </ClInclude>
    <ClInclude Include="C:\Users\vadym\source\repos\vchan\engine\src\DirectX 11\EngineDX.h">
      <Filter>Header Files</Filter>
    </ClInclude>
    <ClInclude Include="C:\Users\vadym\source\repos\vchan\engine\src\DirectX 11\source\Texture\Skybox.h">
      <Filter>Header Files</Filter>
    </ClInclude>
    <ClInclude Include="C:\Users\vadym\source\repos\vchan\engine\src\general\include\SimpleMathToHLSL.h">
      <Filter>Header Files</Filter>
    </ClInclude>
    <ClInclude Include="C:\Users\vadym\source\repos\vchan\engine\src\general\include\win.h">
      <Filter>Header Files</Filter>
    </ClInclude>
    <ClInclude Include="C:\Users\vadym\source\repos\vchan\engine\src\general\include\win_def.h">
      <Filter>Header Files</Filter>
    </ClInclude>
    <ClInclude Include="C:\Users\vadym\source\repos\vchan\engine\src\general\include\win_undef.h">
      <Filter>Header Files</Filter>
    </ClInclude>
    <ClInclude Include="C:\Users\vadym\source\repos\vchan\engine\src\Ray Casting\source\material\coloredMeshRC.h">
      <Filter>Header Files</Filter>
    </ClInclude>
    <ClInclude Include="C:\Users\vadym\source\repos\vchan\engine\src\Ray Casting\source\material\coloredPlaneRC.h">
      <Filter>Header Files</Filter>
    </ClInclude>
    <ClInclude Include="C:\Users\vadym\source\repos\vchan\engine\src\Ray Casting\source\material\coloredPointLightRC.h">
      <Filter>Header Files</Filter>
    </ClInclude>
    <ClInclude Include="C:\Users\vadym\source\repos\vchan\engine\src\Ray Casting\source\material\coloredSphereRC.h">
      <Filter>Header Files</Filter>
    </ClInclude>
    <ClInclude Include="C:\Users\vadym\source\repos\vchan\engine\src\Ray Casting\source\material\coloredSpotLightRC.h">
      <Filter>Header Files</Filter>
    </ClInclude>
    <ClInclude Include="C:\Users\vadym\source\repos\vchan\engine\src\Ray Casting\source\material\coloredTriangleRC.h">
      <Filter>Header Files</Filter>
    </ClInclude>
    <ClInclude Include="C:\Users\vadym\source\repos\vchan\engine\src\Ray Casting\source\material\materialRC.h">
      <Filter>Header Files</Filter>
    </ClInclude>
    <ClInclude Include="C:\Users\vadym\source\repos\vchan\engine\src\Ray Casting\source\material\coloredDirectionLightRC.h">
      <Filter>Header Files</Filter>
    </ClInclude>
    <ClInclude Include="C:\Users\vadym\source\repos\vchan\engine\src\Ray Casting\utils\Camera.h">
      <Filter>Header Files</Filter>
    </ClInclude>
    <ClInclude Include="C:\Users\vadym\source\repos\vchan\engine\src\Ray Casting\utils\Dragger\IObjectMoverRC.h">
      <Filter>Header Files</Filter>
    </ClInclude>
    <ClInclude Include="C:\Users\vadym\source\repos\vchan\engine\src\Ray Casting\utils\Dragger\MeshMoverRC.h">
      <Filter>Header Files</Filter>
    </ClInclude>
    <ClInclude Include="C:\Users\vadym\source\repos\vchan\engine\src\Ray Casting\utils\Dragger\PlaneMoverRC.h">
      <Filter>Header Files</Filter>
    </ClInclude>
    <ClInclude Include="C:\Users\vadym\source\repos\vchan\engine\src\Ray Casting\utils\Dragger\SphereMoverRC.h">
      <Filter>Header Files</Filter>
    </ClInclude>
    <ClInclude Include="C:\Users\vadym\source\repos\vchan\engine\src\Ray Casting\utils\Dragger\TriangleMoverRC.h">
      <Filter>Header Files</Filter>
    </ClInclude>
    <ClInclude Include="C:\Users\vadym\source\repos\vchan\engine\src\DirectX 11\source\Controller\ModelManager.h">
      <Filter>Header Files</Filter>
    </ClInclude>
    <ClInclude Include="C:\Users\vadym\source\repos\vchan\engine\src\DirectX 11\source\Controller\ShaderManager.h">
      <Filter>Header Files</Filter>
    </ClInclude>
    <ClInclude Include="C:\Users\vadym\source\repos\vchan\engine\src\DirectX 11\source\D3D\D3D.h">
      <Filter>Header Files</Filter>
    </ClInclude>
    <ClInclude Include="C:\Users\vadym\source\repos\vchan\engine\src\DirectX 11\source\Math\Colision\boxDX.h">
      <Filter>Header Files</Filter>
    </ClInclude>
    <ClInclude Include="C:\Users\vadym\source\repos\vchan\engine\src\DirectX 11\source\Math\Colision\MeshTriangleOctreeDX.h">
      <Filter>Header Files</Filter>
    </ClInclude>
    <ClInclude Include="C:\Users\vadym\source\repos\vchan\engine\src\DirectX 11\source\Math\Colision\ModelTriangleOctreeDX.h">
      <Filter>Header Files</Filter>
    </ClInclude>
    <ClInclude Include="C:\Users\vadym\source\repos\vchan\engine\src\DirectX 11\source\MeshSystem\Mesh.h">
      <Filter>Header Files</Filter>
    </ClInclude>
    <ClInclude Include="C:\Users\vadym\source\repos\vchan\engine\src\DirectX 11\source\MeshSystem\MeshSystem.h">
      <Filter>Header Files</Filter>
    </ClInclude>
    <ClInclude Include="C:\Users\vadym\source\repos\vchan\engine\src\DirectX 11\source\MeshSystem\Model.h">
      <Filter>Header Files</Filter>
    </ClInclude>
    <ClInclude Include="C:\Users\vadym\source\repos\vchan\engine\src\DirectX 11\source\MeshSystem\OpaqueInstances.h">
      <Filter>Header Files</Filter>
    </ClInclude>
    <ClInclude Include="C:\Users\vadym\source\repos\vchan\engine\src\DirectX 11\source\Texture\DDSTextureLoader11.h">
      <Filter>Header Files</Filter>
    </ClInclude>
    <ClInclude Include="C:\Users\vadym\source\repos\vchan\engine\src\DirectX 11\source\Utils\Camera.h">
      <Filter>Header Files</Filter>
    </ClInclude>
    <ClInclude Include="C:\Users\vadym\source\repos\vchan\engine\src\DirectX 11\window\WindowDX.h">
      <Filter>Header Files</Filter>
    </ClInclude>
    <ClInclude Include="C:\Users\vadym\source\repos\vchan\engine\src\general\utils\timer\FPSTimerRC.h">
      <Filter>Header Files</Filter>
    </ClInclude>
    <ClInclude Include="C:\Users\vadym\source\repos\vchan\engine\src\general\utils\console\Console.h">
      <Filter>Header Files</Filter>
    </ClInclude>
    <ClInclude Include="C:\Users\vadym\source\repos\vchan\engine\src\Ray Casting\render\SceneRC.h">
      <Filter>Header Files</Filter>
    </ClInclude>
    <ClInclude Include="C:\Users\vadym\source\repos\vchan\engine\src\Ray Casting\source\math\boxRC.h">
      <Filter>Header Files</Filter>
    </ClInclude>
    <ClInclude Include="C:\Users\vadym\source\repos\vchan\engine\src\Ray Casting\source\math\meshRC.h">
      <Filter>Header Files</Filter>
    </ClInclude>
    <ClInclude Include="C:\Users\vadym\source\repos\vchan\engine\src\Ray Casting\source\math\planeRC.h">
      <Filter>Header Files</Filter>
    </ClInclude>
    <ClInclude Include="C:\Users\vadym\source\repos\vchan\engine\src\Ray Casting\source\math\rayRC.h">
      <Filter>Header Files</Filter>
    </ClInclude>
    <ClInclude Include="C:\Users\vadym\source\repos\vchan\engine\src\Ray Casting\source\math\sphereRC.h">
      <Filter>Header Files</Filter>
    </ClInclude>
    <ClInclude Include="C:\Users\vadym\source\repos\vchan\engine\src\Ray Casting\source\math\triangleRC.h">
      <Filter>Header Files</Filter>
    </ClInclude>
    <ClInclude Include="C:\Users\vadym\source\repos\vchan\engine\src\Ray Casting\utils\BVH\TriangleOctreeRC.h">
      <Filter>Header Files</Filter>
    </ClInclude>
    <ClInclude Include="C:\Users\vadym\source\repos\vchan\engine\src\Ray Casting\utils\parallel\parallel_executorRC.h">
      <Filter>Header Files</Filter>
    </ClInclude>
    <ClInclude Include="C:\Users\vadym\source\repos\vchan\engine\src\Ray Casting\window\WindowRC.h">
      <Filter>Header Files</Filter>
    </ClInclude>
    <ClInclude Include="src\DirectX 11\source\Controller\ImGuiManager.h" />
    <ClInclude Include="src\DirectX 11\source\Light\LightSystem.h" />
    <ClInclude Include="src\DirectX 11\source\PostProcess\HDR\PostProcess.h" />
    <ClInclude Include="src\DirectX 11\source\Utils\SolidVector.h" />
    <ClInclude Include="src\DirectX 11\source\Math\Transform\TransformSystem.h" />
  </ItemGroup>
  <ItemGroup>
    <CustomBuild Include="C:\Users\vadym\source\repos\vchan\engine\CMakeLists.txt" />
  </ItemGroup>
  <ItemGroup>
    <Filter Include="Header Files">
      <UniqueIdentifier>{E7A125E6-A25E-3F42-9036-9C256C4AB04A}</UniqueIdentifier>
    </Filter>
    <Filter Include="Source Files">
      <UniqueIdentifier>{38381219-B6EC-3154-9CAB-EA4C74ADE7F8}</UniqueIdentifier>
    </Filter>
  </ItemGroup>
</Project>