<?xml version="1.0" encoding="utf-8"?>
<Project ToolsVersion="17.0" xmlns="http://schemas.microsoft.com/developer/msbuild/2003">
  <ItemGroup>
    <ClCompile Include="C:\Users\vadym\source\repos\vchan draft\vchan\project\source\ApplicationRC.cpp">
      <Filter>Source Files</Filter>
    </ClCompile>
    <ClCompile Include="C:\Users\vadym\source\repos\vchan draft\vchan\project\source\ApplicationDX.cpp">
      <Filter>Source Files</Filter>
    </ClCompile>
    <ClCompile Include="C:\Users\vadym\source\repos\vchan draft\vchan\project\source\main.cpp">
      <Filter>Source Files</Filter>
    </ClCompile>
  </ItemGroup>
  <ItemGroup>
    <ClInclude Include="C:\Users\vadym\source\repos\vchan draft\vchan\project\source\ApplicationRC.h">
      <Filter>Header Files</Filter>
    </ClInclude>
    <ClInclude Include="C:\Users\vadym\source\repos\vchan draft\vchan\project\source\ApplicationDX.h">
      <Filter>Header Files</Filter>
    </ClInclude>
  </ItemGroup>
  <ItemGroup>
    <CustomBuild Include="C:\Users\vadym\source\repos\vchan draft\vchan\project\CMakeLists.txt" />
  </ItemGroup>
  <ItemGroup>
    <Filter Include="Header Files">
      <UniqueIdentifier>{0815E345-3899-3E51-9840-0B8B41C44441}</UniqueIdentifier>
    </Filter>
    <Filter Include="Source Files">
      <UniqueIdentifier>{D4A8314E-8063-3349-983A-56DF794D4BE1}</UniqueIdentifier>
    </Filter>
  </ItemGroup>
</Project>
